// !$*UTF8*$!
{
	archiveVersion = 1;
	classes = {
	};
	objectVersion = 50;
	objects = {

/* Begin PBXBuildFile section */
		26AD8D6427A5499F002E5EA7 /* ResultViewController.swift in Sources */ = {isa = PBXBuildFile; fileRef = 26AD8D6327A5499F002E5EA7 /* ResultViewController.swift */; };
		26AD8D6727A56576002E5EA7 /* Calculator.swift in Sources */ = {isa = PBXBuildFile; fileRef = 26AD8D6627A56576002E5EA7 /* Calculator.swift */; };
		FA374D5127A4266800A7549F /* AppDelegate.swift in Sources */ = {isa = PBXBuildFile; fileRef = FA374D5027A4266800A7549F /* AppDelegate.swift */; };
		FA374D5327A4266800A7549F /* SceneDelegate.swift in Sources */ = {isa = PBXBuildFile; fileRef = FA374D5227A4266800A7549F /* SceneDelegate.swift */; };
		FA374D5527A4266800A7549F /* ViewController.swift in Sources */ = {isa = PBXBuildFile; fileRef = FA374D5427A4266800A7549F /* ViewController.swift */; };
		FA374D5827A4266800A7549F /* Main.storyboard in Resources */ = {isa = PBXBuildFile; fileRef = FA374D5627A4266800A7549F /* Main.storyboard */; };
		FA374D5A27A4267500A7549F /* Assets.xcassets in Resources */ = {isa = PBXBuildFile; fileRef = FA374D5927A4267500A7549F /* Assets.xcassets */; };
		FA374D5D27A4267500A7549F /* LaunchScreen.storyboard in Resources */ = {isa = PBXBuildFile; fileRef = FA374D5B27A4267500A7549F /* LaunchScreen.storyboard */; };
/* End PBXBuildFile section */

/* Begin PBXFileReference section */
		26AD8D6327A5499F002E5EA7 /* ResultViewController.swift */ = {isa = PBXFileReference; lastKnownFileType = sourcecode.swift; path = ResultViewController.swift; sourceTree = "<group>"; };
		26AD8D6627A56576002E5EA7 /* Calculator.swift */ = {isa = PBXFileReference; lastKnownFileType = sourcecode.swift; name = Calculator.swift; path = TipCalculator/Controller/Calculator.swift; sourceTree = SOURCE_ROOT; };
		FA374D4D27A4266800A7549F /* TipCalculator.app */ = {isa = PBXFileReference; explicitFileType = wrapper.application; includeInIndex = 0; path = TipCalculator.app; sourceTree = BUILT_PRODUCTS_DIR; };
		FA374D5027A4266800A7549F /* AppDelegate.swift */ = {isa = PBXFileReference; lastKnownFileType = sourcecode.swift; path = AppDelegate.swift; sourceTree = "<group>"; };
		FA374D5227A4266800A7549F /* SceneDelegate.swift */ = {isa = PBXFileReference; lastKnownFileType = sourcecode.swift; path = SceneDelegate.swift; sourceTree = "<group>"; };
		FA374D5427A4266800A7549F /* ViewController.swift */ = {isa = PBXFileReference; lastKnownFileType = sourcecode.swift; path = ViewController.swift; sourceTree = "<group>"; };
		FA374D5727A4266800A7549F /* Base */ = {isa = PBXFileReference; lastKnownFileType = file.storyboard; name = Base; path = Base.lproj/Main.storyboard; sourceTree = "<group>"; };
		FA374D5927A4267500A7549F /* Assets.xcassets */ = {isa = PBXFileReference; lastKnownFileType = folder.assetcatalog; path = Assets.xcassets; sourceTree = "<group>"; };
		FA374D5C27A4267500A7549F /* Base */ = {isa = PBXFileReference; lastKnownFileType = file.storyboard; name = Base; path = Base.lproj/LaunchScreen.storyboard; sourceTree = "<group>"; };
		FA374D5E27A4267500A7549F /* Info.plist */ = {isa = PBXFileReference; lastKnownFileType = text.plist.xml; path = Info.plist; sourceTree = "<group>"; };
/* End PBXFileReference section */

/* Begin PBXFrameworksBuildPhase section */
		FA374D4A27A4266800A7549F /* Frameworks */ = {
			isa = PBXFrameworksBuildPhase;
			buildActionMask = 2147483647;
			files = (
			);
			runOnlyForDeploymentPostprocessing = 0;
		};
/* End PBXFrameworksBuildPhase section */

/* Begin PBXGroup section */
		FA374D4427A4266800A7549F = {
			isa = PBXGroup;
			children = (
				FA374D4F27A4266800A7549F /* TipCalculator */,
				FA374D4E27A4266800A7549F /* Products */,
			);
			sourceTree = "<group>";
		};
		FA374D4E27A4266800A7549F /* Products */ = {
			isa = PBXGroup;
			children = (
				FA374D4D27A4266800A7549F /* TipCalculator.app */,
			);
			name = Products;
			sourceTree = "<group>";
		};
		FA374D4F27A4266800A7549F /* TipCalculator */ = {
			isa = PBXGroup;
			children = (
				FA374D6A27A4270400A7549F /* Model */,
				FA374D6627A426A500A7549F /* View */,
				FA374D6727A426B700A7549F /* Controller */,
				FA374D5E27A4267500A7549F /* Info.plist */,
				FA374D6927A426CB00A7549F /* Supporting files */,
			);
			path = TipCalculator;
			sourceTree = "<group>";
		};
		FA374D6627A426A500A7549F /* View */ = {
			isa = PBXGroup;
			children = (
				FA374D5627A4266800A7549F /* Main.storyboard */,
				FA374D5B27A4267500A7549F /* LaunchScreen.storyboard */,
			);
			path = View;
			sourceTree = "<group>";
		};
		FA374D6727A426B700A7549F /* Controller */ = {
			isa = PBXGroup;
			children = (
				FA374D5427A4266800A7549F /* ViewController.swift */,
				26AD8D6327A5499F002E5EA7 /* ResultViewController.swift */,
			);
			path = Controller;
			sourceTree = "<group>";
		};
		FA374D6927A426CB00A7549F /* Supporting files */ = {
			isa = PBXGroup;
			children = (
				FA374D5027A4266800A7549F /* AppDelegate.swift */,
				FA374D5227A4266800A7549F /* SceneDelegate.swift */,
				FA374D5927A4267500A7549F /* Assets.xcassets */,
			);
			path = "Supporting files";
			sourceTree = "<group>";
		};
		FA374D6A27A4270400A7549F /* Model */ = {
			isa = PBXGroup;
			children = (
				26AD8D6627A56576002E5EA7 /* Calculator.swift */,
			);
			path = Model;
			sourceTree = "<group>";
		};
/* End PBXGroup section */

/* Begin PBXNativeTarget section */
		FA374D4C27A4266800A7549F /* TipCalculator */ = {
			isa = PBXNativeTarget;
			buildConfigurationList = FA374D6127A4267500A7549F /* Build configuration list for PBXNativeTarget "TipCalculator" */;
			buildPhases = (
				FA374D4927A4266800A7549F /* Sources */,
				FA374D4A27A4266800A7549F /* Frameworks */,
				FA374D4B27A4266800A7549F /* Resources */,
			);
			buildRules = (
			);
			dependencies = (
			);
			name = TipCalculator;
			productName = TipCalculator;
			productReference = FA374D4D27A4266800A7549F /* TipCalculator.app */;
			productType = "com.apple.product-type.application";
		};
/* End PBXNativeTarget section */

/* Begin PBXProject section */
		FA374D4527A4266800A7549F /* Project object */ = {
			isa = PBXProject;
			attributes = {
				LastSwiftUpdateCheck = 1240;
				LastUpgradeCheck = 1240;
				TargetAttributes = {
					FA374D4C27A4266800A7549F = {
						CreatedOnToolsVersion = 12.4;
					};
				};
			};
			buildConfigurationList = FA374D4827A4266800A7549F /* Build configuration list for PBXProject "TipCalculator" */;
			compatibilityVersion = "Xcode 9.3";
			developmentRegion = en;
			hasScannedForEncodings = 0;
			knownRegions = (
				en,
				Base,
			);
			mainGroup = FA374D4427A4266800A7549F;
			productRefGroup = FA374D4E27A4266800A7549F /* Products */;
			projectDirPath = "";
			projectRoot = "";
			targets = (
				FA374D4C27A4266800A7549F /* TipCalculator */,
			);
		};
/* End PBXProject section */

/* Begin PBXResourcesBuildPhase section */
		FA374D4B27A4266800A7549F /* Resources */ = {
			isa = PBXResourcesBuildPhase;
			buildActionMask = 2147483647;
			files = (
				FA374D5D27A4267500A7549F /* LaunchScreen.storyboard in Resources */,
				FA374D5A27A4267500A7549F /* Assets.xcassets in Resources */,
				FA374D5827A4266800A7549F /* Main.storyboard in Resources */,
			);
			runOnlyForDeploymentPostprocessing = 0;
		};
/* End PBXResourcesBuildPhase section */

/* Begin PBXSourcesBuildPhase section */
		FA374D4927A4266800A7549F /* Sources */ = {
			isa = PBXSourcesBuildPhase;
			buildActionMask = 2147483647;
			files = (
				FA374D5527A4266800A7549F /* ViewController.swift in Sources */,
				FA374D5127A4266800A7549F /* AppDelegate.swift in Sources */,
				FA374D5327A4266800A7549F /* SceneDelegate.swift in Sources */,
				26AD8D6727A56576002E5EA7 /* Calculator.swift in Sources */,
				26AD8D6427A5499F002E5EA7 /* ResultViewController.swift in Sources */,
			);
			runOnlyForDeploymentPostprocessing = 0;
		};
/* End PBXSourcesBuildPhase section */

/* Begin PBXVariantGroup section */
		FA374D5627A4266800A7549F /* Main.storyboard */ = {
			isa = PBXVariantGroup;
			children = (
				FA374D5727A4266800A7549F /* Base */,
			);
			name = Main.storyboard;
			sourceTree = "<group>";
		};
		FA374D5B27A4267500A7549F /* LaunchScreen.storyboard */ = {
			isa = PBXVariantGroup;
			children = (
				FA374D5C27A4267500A7549F /* Base */,
			);
			name = LaunchScreen.storyboard;
			sourceTree = "<group>";
		};
/* End PBXVariantGroup section */

/* Begin XCBuildConfiguration section */
		FA374D5F27A4267500A7549F /* Debug */ = {
			isa = XCBuildConfiguration;
			buildSettings = {
				ALWAYS_SEARCH_USER_PATHS = NO;
				CLANG_ANALYZER_NONNULL = YES;
				CLANG_ANALYZER_NUMBER_OBJECT_CONVERSION = YES_AGGRESSIVE;
				CLANG_CXX_LANGUAGE_STANDARD = "gnu++14";
				CLANG_CXX_LIBRARY = "libc++";
				CLANG_ENABLE_MODULES = YES;
				CLANG_ENABLE_OBJC_ARC = YES;
				CLANG_ENABLE_OBJC_WEAK = YES;
				CLANG_WARN_BLOCK_CAPTURE_AUTORELEASING = YES;
				CLANG_WARN_BOOL_CONVERSION = YES;
				CLANG_WARN_COMMA = YES;
				CLANG_WARN_CONSTANT_CONVERSION = YES;
				CLANG_WARN_DEPRECATED_OBJC_IMPLEMENTATIONS = YES;
				CLANG_WARN_DIRECT_OBJC_ISA_USAGE = YES_ERROR;
				CLANG_WARN_DOCUMENTATION_COMMENTS = YES;
				CLANG_WARN_EMPTY_BODY = YES;
				CLANG_WARN_ENUM_CONVERSION = YES;
				CLANG_WARN_INFINITE_RECURSION = YES;
				CLANG_WARN_INT_CONVERSION = YES;
				CLANG_WARN_NON_LITERAL_NULL_CONVERSION = YES;
				CLANG_WARN_OBJC_IMPLICIT_RETAIN_SELF = YES;
				CLANG_WARN_OBJC_LITERAL_CONVERSION = YES;
				CLANG_WARN_OBJC_ROOT_CLASS = YES_ERROR;
				CLANG_WARN_QUOTED_INCLUDE_IN_FRAMEWORK_HEADER = YES;
				CLANG_WARN_RANGE_LOOP_ANALYSIS = YES;
				CLANG_WARN_STRICT_PROTOTYPES = YES;
				CLANG_WARN_SUSPICIOUS_MOVE = YES;
				CLANG_WARN_UNGUARDED_AVAILABILITY = YES_AGGRESSIVE;
				CLANG_WARN_UNREACHABLE_CODE = YES;
				CLANG_WARN__DUPLICATE_METHOD_MATCH = YES;
				COPY_PHASE_STRIP = NO;
				DEBUG_INFORMATION_FORMAT = dwarf;
				ENABLE_STRICT_OBJC_MSGSEND = YES;
				ENABLE_TESTABILITY = YES;
				GCC_C_LANGUAGE_STANDARD = gnu11;
				GCC_DYNAMIC_NO_PIC = NO;
				GCC_NO_COMMON_BLOCKS = YES;
				GCC_OPTIMIZATION_LEVEL = 0;
				GCC_PREPROCESSOR_DEFINITIONS = (
					"DEBUG=1",
					"$(inherited)",
				);
				GCC_WARN_64_TO_32_BIT_CONVERSION = YES;
				GCC_WARN_ABOUT_RETURN_TYPE = YES_ERROR;
				GCC_WARN_UNDECLARED_SELECTOR = YES;
				GCC_WARN_UNINITIALIZED_AUTOS = YES_AGGRESSIVE;
				GCC_WARN_UNUSED_FUNCTION = YES;
				GCC_WARN_UNUSED_VARIABLE = YES;
				IPHONEOS_DEPLOYMENT_TARGET = 14.4;
				MTL_ENABLE_DEBUG_INFO = INCLUDE_SOURCE;
				MTL_FAST_MATH = YES;
				ONLY_ACTIVE_ARCH = YES;
				SDKROOT = iphoneos;
				SWIFT_ACTIVE_COMPILATION_CONDITIONS = DEBUG;
				SWIFT_OPTIMIZATION_LEVEL = "-Onone";
			};
			name = Debug;
		};
		FA374D6027A4267500A7549F /* Release */ = {
			isa = XCBuildConfiguration;
			buildSettings = {
				ALWAYS_SEARCH_USER_PATHS = NO;
				CLANG_ANALYZER_NONNULL = YES;
				CLANG_ANALYZER_NUMBER_OBJECT_CONVERSION = YES_AGGRESSIVE;
				CLANG_CXX_LANGUAGE_STANDARD = "gnu++14";
				CLANG_CXX_LIBRARY = "libc++";
				CLANG_ENABLE_MODULES = YES;
				CLANG_ENABLE_OBJC_ARC = YES;
				CLANG_ENABLE_OBJC_WEAK = YES;
				CLANG_WARN_BLOCK_CAPTURE_AUTORELEASING = YES;
				CLANG_WARN_BOOL_CONVERSION = YES;
				CLANG_WARN_COMMA = YES;
				CLANG_WARN_CONSTANT_CONVERSION = YES;
				CLANG_WARN_DEPRECATED_OBJC_IMPLEMENTATIONS = YES;
				CLANG_WARN_DIRECT_OBJC_ISA_USAGE = YES_ERROR;
				CLANG_WARN_DOCUMENTATION_COMMENTS = YES;
				CLANG_WARN_EMPTY_BODY = YES;
				CLANG_WARN_ENUM_CONVERSION = YES;
				CLANG_WARN_INFINITE_RECURSION = YES;
				CLANG_WARN_INT_CONVERSION = YES;
				CLANG_WARN_NON_LITERAL_NULL_CONVERSION = YES;
				CLANG_WARN_OBJC_IMPLICIT_RETAIN_SELF = YES;
				CLANG_WARN_OBJC_LITERAL_CONVERSION = YES;
				CLANG_WARN_OBJC_ROOT_CLASS = YES_ERROR;
				CLANG_WARN_QUOTED_INCLUDE_IN_FRAMEWORK_HEADER = YES;
				CLANG_WARN_RANGE_LOOP_ANALYSIS = YES;
				CLANG_WARN_STRICT_PROTOTYPES = YES;
				CLANG_WARN_SUSPICIOUS_MOVE = YES;
				CLANG_WARN_UNGUARDED_AVAILABILITY = YES_AGGRESSIVE;
				CLANG_WARN_UNREACHABLE_CODE = YES;
				CLANG_WARN__DUPLICATE_METHOD_MATCH = YES;
				COPY_PHASE_STRIP = NO;
				DEBUG_INFORMATION_FORMAT = "dwarf-with-dsym";
				ENABLE_NS_ASSERTIONS = NO;
				ENABLE_STRICT_OBJC_MSGSEND = YES;
				GCC_C_LANGUAGE_STANDARD = gnu11;
				GCC_NO_COMMON_BLOCKS = YES;
				GCC_WARN_64_TO_32_BIT_CONVERSION = YES;
				GCC_WARN_ABOUT_RETURN_TYPE = YES_ERROR;
				GCC_WARN_UNDECLARED_SELECTOR = YES;
				GCC_WARN_UNINITIALIZED_AUTOS = YES_AGGRESSIVE;
				GCC_WARN_UNUSED_FUNCTION = YES;
				GCC_WARN_UNUSED_VARIABLE = YES;
				IPHONEOS_DEPLOYMENT_TARGET = 14.4;
				MTL_ENABLE_DEBUG_INFO = NO;
				MTL_FAST_MATH = YES;
				SDKROOT = iphoneos;
				SWIFT_COMPILATION_MODE = wholemodule;
				SWIFT_OPTIMIZATION_LEVEL = "-O";
				VALIDATE_PRODUCT = YES;
			};
			name = Release;
		};
		FA374D6227A4267500A7549F /* Debug */ = {
			isa = XCBuildConfiguration;
			buildSettings = {
				ASSETCATALOG_COMPILER_APPICON_NAME = AppIcon;
				ASSETCATALOG_COMPILER_GLOBAL_ACCENT_COLOR_NAME = AccentColor;
				CODE_SIGN_STYLE = Automatic;
				DEVELOPMENT_TEAM = G8488GQKLC;
				INFOPLIST_FILE = TipCalculator/Info.plist;
				IPHONEOS_DEPLOYMENT_TARGET = 13.0;
				LD_RUNPATH_SEARCH_PATHS = (
					"$(inherited)",
					"@executable_path/Frameworks",
				);
				PRODUCT_BUNDLE_IDENTIFIER = wohagy.TipCalculator;
				PRODUCT_NAME = "$(TARGET_NAME)";
				SWIFT_VERSION = 5.0;
				TARGETED_DEVICE_FAMILY = 1;
			};
			name = Debug;
		};
		FA374D6327A4267500A7549F /* Release */ = {
			isa = XCBuildConfiguration;
			buildSettings = {
				ASSETCATALOG_COMPILER_APPICON_NAME = AppIcon;
				ASSETCATALOG_COMPILER_GLOBAL_ACCENT_COLOR_NAME = AccentColor;
				CODE_SIGN_STYLE = Automatic;
				DEVELOPMENT_TEAM = G8488GQKLC;
				INFOPLIST_FILE = TipCalculator/Info.plist;
				IPHONEOS_DEPLOYMENT_TARGET = 13.0;
				LD_RUNPATH_SEARCH_PATHS = (
					"$(inherited)",
					"@executable_path/Frameworks",
				);
				PRODUCT_BUNDLE_IDENTIFIER = wohagy.TipCalculator;
				PRODUCT_NAME = "$(TARGET_NAME)";
				SWIFT_VERSION = 5.0;
				TARGETED_DEVICE_FAMILY = 1;
			};
			name = Release;
		};
/* End XCBuildConfiguration section */

/* Begin XCConfigurationList section */
		FA374D4827A4266800A7549F /* Build configuration list for PBXProject "TipCalculator" */ = {
			isa = XCConfigurationList;
			buildConfigurations = (
				FA374D5F27A4267500A7549F /* Debug */,
				FA374D6027A4267500A7549F /* Release */,
			);
			defaultConfigurationIsVisible = 0;
			defaultConfigurationName = Release;
		};
		FA374D6127A4267500A7549F /* Build configuration list for PBXNativeTarget "TipCalculator" */ = {
			isa = XCConfigurationList;
			buildConfigurations = (
				FA374D6227A4267500A7549F /* Debug */,
				FA374D6327A4267500A7549F /* Release */,
			);
			defaultConfigurationIsVisible = 0;
			defaultConfigurationName = Release;
		};
/* End XCConfigurationList section */
	};
	rootObject = FA374D4527A4266800A7549F /* Project object */;
}
